PODS:
  - AMCoreAudio (3.4)
  - EmitterKit (5.2.2)
  - KeychainSwift (13.0.0)
  - ReSwift (6.1.0)
  - Sparkle (1.24.0)
  - STPrivilegedTask (1.0.1)
  - SwiftLint (0.39.2)
  - SwiftyJSON (4.3.0)
  - SwiftyUserDefaults (4.0.0)
  - WebViewJavascriptBridge (6.0.3)
  - Zip (2.1.2)

DEPENDENCIES:
  - AMCoreAudio (from `Vendor/AMCoreAudio`)
  - EmitterKit (from `https://github.com/aleclarson/emitter-kit.git`, tag `5.2.2`)
  - KeychainSwift (~> 13.0)
  - ReSwift (from `https://github.com/ReSwift/ReSwift.git`, tag `6.1.0`)
  - Sparkle (~> 1.24)
  - STPrivilegedTask (~> 1.0)
  - SwiftLint
  - SwiftyJSON (~> 4.2)
  - SwiftyUserDefaults (= 4.0)
  - WebViewJavascriptBridge (from `https://github.com/marcuswestin/WebViewJavascriptBridge.git`, tag `v6.0.3`)
  - Zip (~> 2.1)

SPEC REPOS:
  https://github.com/CocoaPods/Specs.git:
    - KeychainSwift
    - Sparkle
    - STPrivilegedTask
    - SwiftLint
    - SwiftyJSON
    - SwiftyUserDefaults
    - Zip

EXTERNAL SOURCES:
  AMCoreAudio:
    :path: Vendor/AMCoreAudio
  EmitterKit:
    :git: https://github.com/aleclarson/emitter-kit.git
    :tag: 5.2.2
  ReSwift:
    :git: https://github.com/ReSwift/ReSwift.git
    :tag: 6.1.0
  WebViewJavascriptBridge:
    :git: https://github.com/marcuswestin/WebViewJavascriptBridge.git
    :tag: v6.0.3

CHECKOUT OPTIONS:
  EmitterKit:
    :git: https://github.com/aleclarson/emitter-kit.git
    :tag: 5.2.2
  ReSwift:
    :git: https://github.com/ReSwift/ReSwift.git
    :tag: 6.1.0
  WebViewJavascriptBridge:
    :git: https://github.com/marcuswestin/WebViewJavascriptBridge.git
    :tag: v6.0.3

SPEC CHECKSUMS:
  AMCoreAudio: ca11fe7f38c08d2c869a8d4aff238d409679dcdf
  EmitterKit: 7c36d6f0dd9e3325c5cffb05cfccbba536ec4364
  KeychainSwift: 23d6c16cbc33f20fafa30c3d783241b4b87d998c
  ReSwift: eab3c01e4279ba81b54a61e4fd6499634d20123a
  Sparkle: 270cd27377bf04e9c128af06e3a22d0f572d6ee3
  STPrivilegedTask: 103f97827454e786074640cf89d303be344498c7
  SwiftLint: 22ccbbe3b8008684be5955693bab135e0ed6a447
  SwiftyJSON: 6faa0040f8b59dead0ee07436cbf76b73c08fd08
  SwiftyUserDefaults: 6a1951df1daa19337862b677dd9a4b9bd4c288cd
  WebViewJavascriptBridge: 7f5bc4d3581e672e8f32bd0f812d54bc69bb8e29
  Zip: b3fef584b147b6e582b2256a9815c897d60ddc67

PODFILE CHECKSUM: e9b77306143bf636c74117356a0116b7ef19f5d5

COCOAPODS: 1.16.2
